
Microsoft Visual Studio Solution File, Format Version 12.00
# Visual Studio 15
VisualStudioVersion = 15.0.28010.2016
MinimumVisualStudioVersion = 10.0.40219.1
Project("{FAE04EC0-301F-11D3-BF4B-00C04F79EFBC}") = "MvcTest", "MvcTest\MvcTest.csproj", "{BED0ADFB-B7B3-40AD-8432-1485717F63A9}"
EndProject
Project("{FAE04EC0-301F-11D3-BF4B-00C04F79EFBC}") = "Model", "Model\Model.csproj", "{62D73EDE-3A6A-44E0-BC28-A68BECFCBE3A}"
EndProject
Project("{FAE04EC0-301F-11D3-BF4B-00C04F79EFBC}") = "ServicePrs", "ServicePrs\ServicePrs.csproj", "{1C906318-6191-4310-8283-B4BB60A8596F}"
EndProject
Project("{FAE04EC0-301F-11D3-BF4B-00C04F79EFBC}") = "ConsolePrs", "ConsolePrs\ConsolePrs.csproj", "{F3D534C2-E388-4C50-831E-877B93C9E131}"
EndProject
Project("{FAE04EC0-301F-11D3-BF4B-00C04F79EFBC}") = "TestMvcUtils", "TestMvcUtils\TestMvcUtils.csproj", "{DF4ADEEE-5834-49F5-9F69-C0F395FE347A}"
EndProject
Project("{FAE04EC0-301F-11D3-BF4B-00C04F79EFBC}") = "UnitTestProject1", "UnitTestProject1\UnitTestProject1.csproj", "{0DC1E546-0983-40A2-8B7A-A9D2E1FD1CFD}"
EndProject
Global
	GlobalSection(SolutionConfigurationPlatforms) = preSolution
		Debug|Any CPU = Debug|Any CPU
		Release|Any CPU = Release|Any CPU
	EndGlobalSection
	GlobalSection(ProjectConfigurationPlatforms) = postSolution
		{BED0ADFB-B7B3-40AD-8432-1485717F63A9}.Debug|Any CPU.ActiveCfg = Debug|Any CPU
		{BED0ADFB-B7B3-40AD-8432-1485717F63A9}.Debug|Any CPU.Build.0 = Debug|Any CPU
		{BED0ADFB-B7B3-40AD-8432-1485717F63A9}.Release|Any CPU.ActiveCfg = Release|Any CPU
		{BED0ADFB-B7B3-40AD-8432-1485717F63A9}.Release|Any CPU.Build.0 = Release|Any CPU
		{62D73EDE-3A6A-44E0-BC28-A68BECFCBE3A}.Debug|Any CPU.ActiveCfg = Debug|Any CPU
		{62D73EDE-3A6A-44E0-BC28-A68BECFCBE3A}.Debug|Any CPU.Build.0 = Debug|Any CPU
		{62D73EDE-3A6A-44E0-BC28-A68BECFCBE3A}.Release|Any CPU.ActiveCfg = Release|Any CPU
		{62D73EDE-3A6A-44E0-BC28-A68BECFCBE3A}.Release|Any CPU.Build.0 = Release|Any CPU
		{1C906318-6191-4310-8283-B4BB60A8596F}.Debug|Any CPU.ActiveCfg = Debug|Any CPU
		{1C906318-6191-4310-8283-B4BB60A8596F}.Debug|Any CPU.Build.0 = Debug|Any CPU
		{1C906318-6191-4310-8283-B4BB60A8596F}.Release|Any CPU.ActiveCfg = Release|Any CPU
		{1C906318-6191-4310-8283-B4BB60A8596F}.Release|Any CPU.Build.0 = Release|Any CPU
		{F3D534C2-E388-4C50-831E-877B93C9E131}.Debug|Any CPU.ActiveCfg = Debug|Any CPU
		{F3D534C2-E388-4C50-831E-877B93C9E131}.Debug|Any CPU.Build.0 = Debug|Any CPU
		{F3D534C2-E388-4C50-831E-877B93C9E131}.Release|Any CPU.ActiveCfg = Release|Any CPU
		{F3D534C2-E388-4C50-831E-877B93C9E131}.Release|Any CPU.Build.0 = Release|Any CPU
		{DF4ADEEE-5834-49F5-9F69-C0F395FE347A}.Debug|Any CPU.ActiveCfg = Debug|Any CPU
		{DF4ADEEE-5834-49F5-9F69-C0F395FE347A}.Debug|Any CPU.Build.0 = Debug|Any CPU
		{DF4ADEEE-5834-49F5-9F69-C0F395FE347A}.Release|Any CPU.ActiveCfg = Release|Any CPU
		{DF4ADEEE-5834-49F5-9F69-C0F395FE347A}.Release|Any CPU.Build.0 = Release|Any CPU
		{0DC1E546-0983-40A2-8B7A-A9D2E1FD1CFD}.Debug|Any CPU.ActiveCfg = Debug|Any CPU
		{0DC1E546-0983-40A2-8B7A-A9D2E1FD1CFD}.Debug|Any CPU.Build.0 = Debug|Any CPU
		{0DC1E546-0983-40A2-8B7A-A9D2E1FD1CFD}.Release|Any CPU.ActiveCfg = Release|Any CPU
		{0DC1E546-0983-40A2-8B7A-A9D2E1FD1CFD}.Release|Any CPU.Build.0 = Release|Any CPU
	EndGlobalSection
	GlobalSection(SolutionProperties) = preSolution
		HideSolutionNode = FALSE
	EndGlobalSection
	GlobalSection(ExtensibilityGlobals) = postSolution
		SolutionGuid = {44D24F37-A49A-4DEC-8CD9-BA0E74631F8D}
	EndGlobalSection
EndGlobal
